Microsoft Visual Studio Solution File, Format Version 10.00
# Visual Studio 2008
Project("{FAE04EC0-301F-11D3-BF4B-00C04F79EFBC}") = "Adenson.Core(2008)", "Adenson.Core(2008).csproj", "{7246795C-9775-4A3E-958C-678FC7F2784C}"
EndProject
Project("{FAE04EC0-301F-11D3-BF4B-00C04F79EFBC}") = "Adenson.CoreTest", "Tests\VS\Adenson.CoreTest\Adenson.CoreTest.csproj", "{8B00813D-F11B-455E-AE08-673AA9CC053A}"
EndProject
Global
	GlobalSection(SolutionConfigurationPlatforms) = preSolution
		Debug|Any CPU = Debug|Any CPU
		Release|Any CPU = Release|Any CPU
	EndGlobalSection
	GlobalSection(ProjectConfigurationPlatforms) = postSolution
		{7246795C-9775-4A3E-958C-678FC7F2784C}.Debug|Any CPU.ActiveCfg = Debug|Any CPU
		{7246795C-9775-4A3E-958C-678FC7F2784C}.Debug|Any CPU.Build.0 = Debug|Any CPU
		{7246795C-9775-4A3E-958C-678FC7F2784C}.Release|Any CPU.ActiveCfg = Release|Any CPU
		{7246795C-9775-4A3E-958C-678FC7F2784C}.Release|Any CPU.Build.0 = Release|Any CPU
		{8B00813D-F11B-455E-AE08-673AA9CC053A}.Debug|Any CPU.ActiveCfg = Debug|Any CPU
		{8B00813D-F11B-455E-AE08-673AA9CC053A}.Debug|Any CPU.Build.0 = Debug|Any CPU
		{8B00813D-F11B-455E-AE08-673AA9CC053A}.Release|Any CPU.ActiveCfg = Release|Any CPU
		{8B00813D-F11B-455E-AE08-673AA9CC053A}.Release|Any CPU.Build.0 = Release|Any CPU
	EndGlobalSection
	GlobalSection(SolutionProperties) = preSolution
		HideSolutionNode = FALSE
	EndGlobalSection
EndGlobal
